
Microsoft Visual Studio Solution File, Format Version 12.00
# Visual Studio Version 17
VisualStudioVersion = 17.9.34607.119
MinimumVisualStudioVersion = 10.0.40219.1
Project("{9A19103F-16F7-4668-BE54-9A1E7A4F7556}") = "WpfWinformPopupDemo", "WpfWinformPopupDemo\WpfWinformPopupDemo.csproj", "{93D42DBC-3A15-466E-AF61-3D713B068E15}"
EndProject
Project("{9A19103F-16F7-4668-BE54-9A1E7A4F7556}") = "MyOldWinFormsControl", "MyOldWinFormsControlL\MyOldWinFormsControl.csproj", "{AB6E91AB-154D-46D3-8909-4849D26AEAB1}"
EndProject
Project("{9A19103F-16F7-4668-BE54-9A1E7A4F7556}") = "MyOldWinFormsApp1", "MyOldWinFormsApp1\MyOldWinFormsApp1.csproj", "{F4606534-E7F2-4385-ABBB-D9307F8A342F}"
EndProject
Project("{2150E333-8FDC-42A3-9474-1A3956D46DE8}") = "Solution Items", "Solution Items", "{B73CC961-3EFE-4F42-BFCF-555D35A1C1C8}"
	ProjectSection(SolutionItems) = preProject
		.editorconfig = .editorconfig
	EndProjectSection
EndProject
Global
	GlobalSection(SolutionConfigurationPlatforms) = preSolution
		Debug|Any CPU = Debug|Any CPU
		Release|Any CPU = Release|Any CPU
	EndGlobalSection
	GlobalSection(ProjectConfigurationPlatforms) = postSolution
		{93D42DBC-3A15-466E-AF61-3D713B068E15}.Debug|Any CPU.ActiveCfg = Debug|Any CPU
		{93D42DBC-3A15-466E-AF61-3D713B068E15}.Debug|Any CPU.Build.0 = Debug|Any CPU
		{93D42DBC-3A15-466E-AF61-3D713B068E15}.Release|Any CPU.ActiveCfg = Release|Any CPU
		{93D42DBC-3A15-466E-AF61-3D713B068E15}.Release|Any CPU.Build.0 = Release|Any CPU
		{AB6E91AB-154D-46D3-8909-4849D26AEAB1}.Debug|Any CPU.ActiveCfg = Debug|Any CPU
		{AB6E91AB-154D-46D3-8909-4849D26AEAB1}.Debug|Any CPU.Build.0 = Debug|Any CPU
		{AB6E91AB-154D-46D3-8909-4849D26AEAB1}.Release|Any CPU.ActiveCfg = Release|Any CPU
		{AB6E91AB-154D-46D3-8909-4849D26AEAB1}.Release|Any CPU.Build.0 = Release|Any CPU
		{F4606534-E7F2-4385-ABBB-D9307F8A342F}.Debug|Any CPU.ActiveCfg = Debug|Any CPU
		{F4606534-E7F2-4385-ABBB-D9307F8A342F}.Debug|Any CPU.Build.0 = Debug|Any CPU
		{F4606534-E7F2-4385-ABBB-D9307F8A342F}.Release|Any CPU.ActiveCfg = Release|Any CPU
		{F4606534-E7F2-4385-ABBB-D9307F8A342F}.Release|Any CPU.Build.0 = Release|Any CPU
	EndGlobalSection
	GlobalSection(SolutionProperties) = preSolution
		HideSolutionNode = FALSE
	EndGlobalSection
	GlobalSection(ExtensibilityGlobals) = postSolution
		SolutionGuid = {7F409088-78D0-49EA-A3F0-2F179697E6C0}
	EndGlobalSection
EndGlobal
